
Microsoft Visual Studio Solution File, Format Version 12.00
# Visual Studio Version 16
VisualStudioVersion = 16.0.30011.22
MinimumVisualStudioVersion = 10.0.40219.1
Project("{FAE04EC0-301F-11D3-BF4B-00C04F79EFBC}") = "WordCountV2", "WordCountV2\WordCountV2.csproj", "{132EB070-25AC-4595-B0BE-83C4C1320A32}"
EndProject
Global
	GlobalSection(SolutionConfigurationPlatforms) = preSolution
		Debug|Any CPU = Debug|Any CPU
		Release|Any CPU = Release|Any CPU
	EndGlobalSection
	GlobalSection(ProjectConfigurationPlatforms) = postSolution
		{132EB070-25AC-4595-B0BE-83C4C1320A32}.Debug|Any CPU.ActiveCfg = Debug|Any CPU
		{132EB070-25AC-4595-B0BE-83C4C1320A32}.Debug|Any CPU.Build.0 = Debug|Any CPU
		{132EB070-25AC-4595-B0BE-83C4C1320A32}.Release|Any CPU.ActiveCfg = Release|Any CPU
		{132EB070-25AC-4595-B0BE-83C4C1320A32}.Release|Any CPU.Build.0 = Release|Any CPU
	EndGlobalSection
	GlobalSection(SolutionProperties) = preSolution
		HideSolutionNode = FALSE
	EndGlobalSection
	GlobalSection(ExtensibilityGlobals) = postSolution
		SolutionGuid = {362FCB59-49D3-485B-BD94-9C5DC968DF16}
	EndGlobalSection
EndGlobal
